// !$*UTF8*$!
{
	archiveVersion = 1;
	classes = {
	};
	objectVersion = 46;
	objects = {

/* Begin PBXBuildFile section */
		0A0335991AFE9C3C00E032D6 /* NewMeetingViewController.swift in Sources */ = {isa = PBXBuildFile; fileRef = 0A0335981AFE9C3C00E032D6 /* NewMeetingViewController.swift */; };
		0A03359B1AFF049300E032D6 /* SelectParticipantsTableViewController.swift in Sources */ = {isa = PBXBuildFile; fileRef = 0A03359A1AFF049300E032D6 /* SelectParticipantsTableViewController.swift */; };
		0A6F84191AFA5EF500CF8D92 /* AppDelegate.swift in Sources */ = {isa = PBXBuildFile; fileRef = 0A6F84181AFA5EF500CF8D92 /* AppDelegate.swift */; };
		0A6F841E1AFA5EF500CF8D92 /* Main.storyboard in Resources */ = {isa = PBXBuildFile; fileRef = 0A6F841C1AFA5EF500CF8D92 /* Main.storyboard */; };
		0A6F84201AFA5EF500CF8D92 /* Images.xcassets in Resources */ = {isa = PBXBuildFile; fileRef = 0A6F841F1AFA5EF500CF8D92 /* Images.xcassets */; };
		0A6F84231AFA5EF500CF8D92 /* LaunchScreen.xib in Resources */ = {isa = PBXBuildFile; fileRef = 0A6F84211AFA5EF500CF8D92 /* LaunchScreen.xib */; };
		0A6F84391AFBA73D00CF8D92 /* User.swift in Sources */ = {isa = PBXBuildFile; fileRef = 0A6F84381AFBA73D00CF8D92 /* User.swift */; };
		0A6F843B1AFCDD8B00CF8D92 /* Meeting.swift in Sources */ = {isa = PBXBuildFile; fileRef = 0A6F843A1AFCDD8B00CF8D92 /* Meeting.swift */; };
		0A6F843D1AFCE12F00CF8D92 /* LoginViewController.swift in Sources */ = {isa = PBXBuildFile; fileRef = 0A6F843C1AFCE12F00CF8D92 /* LoginViewController.swift */; };
		0A6F84411AFCE62A00CF8D92 /* SignUpViewController.swift in Sources */ = {isa = PBXBuildFile; fileRef = 0A6F84401AFCE62A00CF8D92 /* SignUpViewController.swift */; };
		0A6F84431AFD026500CF8D92 /* MainMenuViewController.swift in Sources */ = {isa = PBXBuildFile; fileRef = 0A6F84421AFD026500CF8D92 /* MainMenuViewController.swift */; };
		0A9076081B011AE1002147E3 /* SetAddressViewController.swift in Sources */ = {isa = PBXBuildFile; fileRef = 0A9076071B011AE1002147E3 /* SetAddressViewController.swift */; };
		0A90760E1B023E26002147E3 /* MeetingsTableViewController.swift in Sources */ = {isa = PBXBuildFile; fileRef = 0A90760D1B023E26002147E3 /* MeetingsTableViewController.swift */; };
		0A9076101B0254C1002147E3 /* MeetingDetailViewController.swift in Sources */ = {isa = PBXBuildFile; fileRef = 0A90760F1B0254C1002147E3 /* MeetingDetailViewController.swift */; };
		A4E38D7F1B00CCC1004760FA /* iBeaconTransmitterViewController.swift in Sources */ = {isa = PBXBuildFile; fileRef = A4E38D7E1B00CCC1004760FA /* iBeaconTransmitterViewController.swift */; };
		EBB981B41AFB99C600163647 /* Bolts.framework in Frameworks */ = {isa = PBXBuildFile; fileRef = EBB981B21AFB99C600163647 /* Bolts.framework */; };
		EBB981B51AFB99C600163647 /* Parse.framework in Frameworks */ = {isa = PBXBuildFile; fileRef = EBB981B31AFB99C600163647 /* Parse.framework */; };
		EBB981BA1AFB99EC00163647 /* CFNetwork.framework in Frameworks */ = {isa = PBXBuildFile; fileRef = EBB981B81AFB99DD00163647 /* CFNetwork.framework */; };
		EBB981BB1AFB99EC00163647 /* AudioToolbox.framework in Frameworks */ = {isa = PBXBuildFile; fileRef = EBB981B61AFB99D600163647 /* AudioToolbox.framework */; };
		EBB981C01AFB9A0D00163647 /* CoreGraphics.framework in Frameworks */ = {isa = PBXBuildFile; fileRef = EBB981BC1AFB99F600163647 /* CoreGraphics.framework */; };
		EBB981C11AFB9A1300163647 /* CoreLocation.framework in Frameworks */ = {isa = PBXBuildFile; fileRef = EBB981BE1AFB99FD00163647 /* CoreLocation.framework */; };
		EBB981C61AFB9A3000163647 /* QuartzCore.framework in Frameworks */ = {isa = PBXBuildFile; fileRef = EBB981C41AFB9A2400163647 /* QuartzCore.framework */; };
		EBB981C71AFB9A3000163647 /* MobileCoreServices.framework in Frameworks */ = {isa = PBXBuildFile; fileRef = EBB981C21AFB9A1D00163647 /* MobileCoreServices.framework */; };
		EBB981CC1AFB9A4D00163647 /* Security.framework in Frameworks */ = {isa = PBXBuildFile; fileRef = EBB981C81AFB9A3800163647 /* Security.framework */; };
		EBB981CD1AFB9A5300163647 /* StoreKit.framework in Frameworks */ = {isa = PBXBuildFile; fileRef = EBB981CA1AFB9A3F00163647 /* StoreKit.framework */; };
		EBB981D01AFB9A6C00163647 /* SystemConfiguration.framework in Frameworks */ = {isa = PBXBuildFile; fileRef = EBB981CE1AFB9A5C00163647 /* SystemConfiguration.framework */; };
		EBB981D31AFB9A9400163647 /* libz.dylib in Frameworks */ = {isa = PBXBuildFile; fileRef = EBB981D11AFB9A7B00163647 /* libz.dylib */; };
		EBB981D51AFB9AA900163647 /* libsqlite3.dylib in Frameworks */ = {isa = PBXBuildFile; fileRef = EBB981D41AFB9AA900163647 /* libsqlite3.dylib */; };
/* End PBXBuildFile section */

/* Begin PBXFileReference section */
		0A0335981AFE9C3C00E032D6 /* NewMeetingViewController.swift */ = {isa = PBXFileReference; fileEncoding = 4; lastKnownFileType = sourcecode.swift; path = NewMeetingViewController.swift; sourceTree = "<group>"; };
		0A03359A1AFF049300E032D6 /* SelectParticipantsTableViewController.swift */ = {isa = PBXFileReference; fileEncoding = 4; lastKnownFileType = sourcecode.swift; path = SelectParticipantsTableViewController.swift; sourceTree = "<group>"; };
		0A6F84131AFA5EF500CF8D92 /* ReunioesApp.app */ = {isa = PBXFileReference; explicitFileType = wrapper.application; includeInIndex = 0; path = ReunioesApp.app; sourceTree = BUILT_PRODUCTS_DIR; };
		0A6F84171AFA5EF500CF8D92 /* Info.plist */ = {isa = PBXFileReference; lastKnownFileType = text.plist.xml; path = Info.plist; sourceTree = "<group>"; };
		0A6F84181AFA5EF500CF8D92 /* AppDelegate.swift */ = {isa = PBXFileReference; lastKnownFileType = sourcecode.swift; path = AppDelegate.swift; sourceTree = "<group>"; };
		0A6F841D1AFA5EF500CF8D92 /* Base */ = {isa = PBXFileReference; lastKnownFileType = file.storyboard; name = Base; path = Base.lproj/Main.storyboard; sourceTree = "<group>"; };
		0A6F841F1AFA5EF500CF8D92 /* Images.xcassets */ = {isa = PBXFileReference; lastKnownFileType = folder.assetcatalog; path = Images.xcassets; sourceTree = "<group>"; };
		0A6F84221AFA5EF500CF8D92 /* Base */ = {isa = PBXFileReference; lastKnownFileType = file.xib; name = Base; path = Base.lproj/LaunchScreen.xib; sourceTree = "<group>"; };
		0A6F842D1AFA5EF600CF8D92 /* Info.plist */ = {isa = PBXFileReference; lastKnownFileType = text.plist.xml; path = Info.plist; sourceTree = "<group>"; };
		0A6F842E1AFA5EF600CF8D92 /* ReunioesAppTests.swift */ = {isa = PBXFileReference; lastKnownFileType = sourcecode.swift; path = ReunioesAppTests.swift; sourceTree = "<group>"; };
		0A6F84381AFBA73D00CF8D92 /* User.swift */ = {isa = PBXFileReference; fileEncoding = 4; lastKnownFileType = sourcecode.swift; path = User.swift; sourceTree = "<group>"; };
		0A6F843A1AFCDD8B00CF8D92 /* Meeting.swift */ = {isa = PBXFileReference; fileEncoding = 4; lastKnownFileType = sourcecode.swift; path = Meeting.swift; sourceTree = "<group>"; };
		0A6F843C1AFCE12F00CF8D92 /* LoginViewController.swift */ = {isa = PBXFileReference; fileEncoding = 4; lastKnownFileType = sourcecode.swift; path = LoginViewController.swift; sourceTree = "<group>"; };
		0A6F84401AFCE62A00CF8D92 /* SignUpViewController.swift */ = {isa = PBXFileReference; fileEncoding = 4; lastKnownFileType = sourcecode.swift; path = SignUpViewController.swift; sourceTree = "<group>"; };
		0A6F84421AFD026500CF8D92 /* MainMenuViewController.swift */ = {isa = PBXFileReference; fileEncoding = 4; lastKnownFileType = sourcecode.swift; path = MainMenuViewController.swift; sourceTree = "<group>"; };
		0A9076071B011AE1002147E3 /* SetAddressViewController.swift */ = {isa = PBXFileReference; fileEncoding = 4; lastKnownFileType = sourcecode.swift; path = SetAddressViewController.swift; sourceTree = "<group>"; };
		0A90760D1B023E26002147E3 /* MeetingsTableViewController.swift */ = {isa = PBXFileReference; fileEncoding = 4; lastKnownFileType = sourcecode.swift; path = MeetingsTableViewController.swift; sourceTree = "<group>"; };
		0A90760F1B0254C1002147E3 /* MeetingDetailViewController.swift */ = {isa = PBXFileReference; fileEncoding = 4; lastKnownFileType = sourcecode.swift; path = MeetingDetailViewController.swift; sourceTree = "<group>"; };
		A4E38D7E1B00CCC1004760FA /* iBeaconTransmitterViewController.swift */ = {isa = PBXFileReference; fileEncoding = 4; lastKnownFileType = sourcecode.swift; path = iBeaconTransmitterViewController.swift; sourceTree = "<group>"; };
		EBB981B21AFB99C600163647 /* Bolts.framework */ = {isa = PBXFileReference; lastKnownFileType = wrapper.framework; path = Bolts.framework; sourceTree = "<group>"; };
		EBB981B31AFB99C600163647 /* Parse.framework */ = {isa = PBXFileReference; lastKnownFileType = wrapper.framework; path = Parse.framework; sourceTree = "<group>"; };
		EBB981B61AFB99D600163647 /* AudioToolbox.framework */ = {isa = PBXFileReference; lastKnownFileType = wrapper.framework; name = AudioToolbox.framework; path = System/Library/Frameworks/AudioToolbox.framework; sourceTree = SDKROOT; };
		EBB981B81AFB99DD00163647 /* CFNetwork.framework */ = {isa = PBXFileReference; lastKnownFileType = wrapper.framework; name = CFNetwork.framework; path = System/Library/Frameworks/CFNetwork.framework; sourceTree = SDKROOT; };
		EBB981BC1AFB99F600163647 /* CoreGraphics.framework */ = {isa = PBXFileReference; lastKnownFileType = wrapper.framework; name = CoreGraphics.framework; path = System/Library/Frameworks/CoreGraphics.framework; sourceTree = SDKROOT; };
		EBB981BE1AFB99FD00163647 /* CoreLocation.framework */ = {isa = PBXFileReference; lastKnownFileType = wrapper.framework; name = CoreLocation.framework; path = System/Library/Frameworks/CoreLocation.framework; sourceTree = SDKROOT; };
		EBB981C21AFB9A1D00163647 /* MobileCoreServices.framework */ = {isa = PBXFileReference; lastKnownFileType = wrapper.framework; name = MobileCoreServices.framework; path = System/Library/Frameworks/MobileCoreServices.framework; sourceTree = SDKROOT; };
		EBB981C41AFB9A2400163647 /* QuartzCore.framework */ = {isa = PBXFileReference; lastKnownFileType = wrapper.framework; name = QuartzCore.framework; path = System/Library/Frameworks/QuartzCore.framework; sourceTree = SDKROOT; };
		EBB981C81AFB9A3800163647 /* Security.framework */ = {isa = PBXFileReference; lastKnownFileType = wrapper.framework; name = Security.framework; path = System/Library/Frameworks/Security.framework; sourceTree = SDKROOT; };
		EBB981CA1AFB9A3F00163647 /* StoreKit.framework */ = {isa = PBXFileReference; lastKnownFileType = wrapper.framework; name = StoreKit.framework; path = System/Library/Frameworks/StoreKit.framework; sourceTree = SDKROOT; };
		EBB981CE1AFB9A5C00163647 /* SystemConfiguration.framework */ = {isa = PBXFileReference; lastKnownFileType = wrapper.framework; name = SystemConfiguration.framework; path = System/Library/Frameworks/SystemConfiguration.framework; sourceTree = SDKROOT; };
		EBB981D11AFB9A7B00163647 /* libz.dylib */ = {isa = PBXFileReference; lastKnownFileType = "compiled.mach-o.dylib"; name = libz.dylib; path = usr/lib/libz.dylib; sourceTree = SDKROOT; };
		EBB981D41AFB9AA900163647 /* libsqlite3.dylib */ = {isa = PBXFileReference; lastKnownFileType = "compiled.mach-o.dylib"; name = libsqlite3.dylib; path = usr/lib/libsqlite3.dylib; sourceTree = SDKROOT; };
/* End PBXFileReference section */

/* Begin PBXFrameworksBuildPhase section */
		0A6F84101AFA5EF500CF8D92 /* Frameworks */ = {
			isa = PBXFrameworksBuildPhase;
			buildActionMask = 2147483647;
			files = (
				EBB981D51AFB9AA900163647 /* libsqlite3.dylib in Frameworks */,
				EBB981D31AFB9A9400163647 /* libz.dylib in Frameworks */,
				EBB981D01AFB9A6C00163647 /* SystemConfiguration.framework in Frameworks */,
				EBB981CD1AFB9A5300163647 /* StoreKit.framework in Frameworks */,
				EBB981CC1AFB9A4D00163647 /* Security.framework in Frameworks */,
				EBB981C11AFB9A1300163647 /* CoreLocation.framework in Frameworks */,
				EBB981C61AFB9A3000163647 /* QuartzCore.framework in Frameworks */,
				EBB981C71AFB9A3000163647 /* MobileCoreServices.framework in Frameworks */,
				EBB981C01AFB9A0D00163647 /* CoreGraphics.framework in Frameworks */,
				EBB981B51AFB99C600163647 /* Parse.framework in Frameworks */,
				EBB981BA1AFB99EC00163647 /* CFNetwork.framework in Frameworks */,
				EBB981BB1AFB99EC00163647 /* AudioToolbox.framework in Frameworks */,
				EBB981B41AFB99C600163647 /* Bolts.framework in Frameworks */,
			);
			runOnlyForDeploymentPostprocessing = 0;
		};
/* End PBXFrameworksBuildPhase section */

/* Begin PBXGroup section */
		0A6F840A1AFA5EF500CF8D92 = {
			isa = PBXGroup;
			children = (
				0A6F84151AFA5EF500CF8D92 /* ReunioesApp */,
				0A6F842B1AFA5EF600CF8D92 /* ReunioesAppTests */,
				0A6F84141AFA5EF500CF8D92 /* Products */,
			);
			sourceTree = "<group>";
		};
		0A6F84141AFA5EF500CF8D92 /* Products */ = {
			isa = PBXGroup;
			children = (
				0A6F84131AFA5EF500CF8D92 /* ReunioesApp.app */,
			);
			name = Products;
			sourceTree = "<group>";
		};
		0A6F84151AFA5EF500CF8D92 /* ReunioesApp */ = {
			isa = PBXGroup;
			children = (
				0A6F84451AFD03FE00CF8D92 /* Models */,
				0A6F84441AFD03F300CF8D92 /* View Controllers */,
				EBB981B11AFB957200163647 /* Framework */,
				0A6F84181AFA5EF500CF8D92 /* AppDelegate.swift */,
				0A6F841C1AFA5EF500CF8D92 /* Main.storyboard */,
				0A6F841F1AFA5EF500CF8D92 /* Images.xcassets */,
				0A6F84211AFA5EF500CF8D92 /* LaunchScreen.xib */,
				0A6F84161AFA5EF500CF8D92 /* Supporting Files */,
			);
			path = ReunioesApp;
			sourceTree = "<group>";
		};
		0A6F84161AFA5EF500CF8D92 /* Supporting Files */ = {
			isa = PBXGroup;
			children = (
				0A6F84171AFA5EF500CF8D92 /* Info.plist */,
			);
			name = "Supporting Files";
			sourceTree = "<group>";
		};
		0A6F842B1AFA5EF600CF8D92 /* ReunioesAppTests */ = {
			isa = PBXGroup;
			children = (
				0A6F842E1AFA5EF600CF8D92 /* ReunioesAppTests.swift */,
				0A6F842C1AFA5EF600CF8D92 /* Supporting Files */,
			);
			path = ReunioesAppTests;
			sourceTree = "<group>";
		};
		0A6F842C1AFA5EF600CF8D92 /* Supporting Files */ = {
			isa = PBXGroup;
			children = (
				0A6F842D1AFA5EF600CF8D92 /* Info.plist */,
			);
			name = "Supporting Files";
			sourceTree = "<group>";
		};
		0A6F84441AFD03F300CF8D92 /* View Controllers */ = {
			isa = PBXGroup;
			children = (
				0A6F84421AFD026500CF8D92 /* MainMenuViewController.swift */,
				0A6F843C1AFCE12F00CF8D92 /* LoginViewController.swift */,
				0A6F84401AFCE62A00CF8D92 /* SignUpViewController.swift */,
				0A0335981AFE9C3C00E032D6 /* NewMeetingViewController.swift */,
				0A03359A1AFF049300E032D6 /* SelectParticipantsTableViewController.swift */,
				A4E38D7E1B00CCC1004760FA /* iBeaconTransmitterViewController.swift */,
				0A9076071B011AE1002147E3 /* SetAddressViewController.swift */,
				0A90760D1B023E26002147E3 /* MeetingsTableViewController.swift */,
				0A90760F1B0254C1002147E3 /* MeetingDetailViewController.swift */,
			);
			name = "View Controllers";
			sourceTree = "<group>";
		};
		0A6F84451AFD03FE00CF8D92 /* Models */ = {
			isa = PBXGroup;
			children = (
				0A6F843A1AFCDD8B00CF8D92 /* Meeting.swift */,
				0A6F84381AFBA73D00CF8D92 /* User.swift */,
			);
			name = Models;
			sourceTree = "<group>";
		};
		EBB981B11AFB957200163647 /* Framework */ = {
			isa = PBXGroup;
			children = (
				EBB981D41AFB9AA900163647 /* libsqlite3.dylib */,
				EBB981D11AFB9A7B00163647 /* libz.dylib */,
				EBB981CE1AFB9A5C00163647 /* SystemConfiguration.framework */,
				EBB981CA1AFB9A3F00163647 /* StoreKit.framework */,
				EBB981C81AFB9A3800163647 /* Security.framework */,
				EBB981C41AFB9A2400163647 /* QuartzCore.framework */,
				EBB981C21AFB9A1D00163647 /* MobileCoreServices.framework */,
				EBB981BE1AFB99FD00163647 /* CoreLocation.framework */,
				EBB981BC1AFB99F600163647 /* CoreGraphics.framework */,
				EBB981B81AFB99DD00163647 /* CFNetwork.framework */,
				EBB981B61AFB99D600163647 /* AudioToolbox.framework */,
				EBB981B21AFB99C600163647 /* Bolts.framework */,
				EBB981B31AFB99C600163647 /* Parse.framework */,
			);
			name = Framework;
			sourceTree = "<group>";
		};
/* End PBXGroup section */

/* Begin PBXNativeTarget section */
		0A6F84121AFA5EF500CF8D92 /* ReunioesApp */ = {
			isa = PBXNativeTarget;
			buildConfigurationList = 0A6F84321AFA5EF600CF8D92 /* Build configuration list for PBXNativeTarget "ReunioesApp" */;
			buildPhases = (
				0A6F840F1AFA5EF500CF8D92 /* Sources */,
				0A6F84101AFA5EF500CF8D92 /* Frameworks */,
				0A6F84111AFA5EF500CF8D92 /* Resources */,
			);
			buildRules = (
			);
			dependencies = (
			);
			name = ReunioesApp;
			productName = ReunioesApp;
			productReference = 0A6F84131AFA5EF500CF8D92 /* ReunioesApp.app */;
			productType = "com.apple.product-type.application";
		};
/* End PBXNativeTarget section */

/* Begin PBXProject section */
		0A6F840B1AFA5EF500CF8D92 /* Project object */ = {
			isa = PBXProject;
			attributes = {
				LastUpgradeCheck = 0630;
				ORGANIZATIONNAME = "Mateus Reckziegel";
				TargetAttributes = {
					0A6F84121AFA5EF500CF8D92 = {
						CreatedOnToolsVersion = 6.3.1;
						DevelopmentTeam = 35329TFT9S;
					};
				};
			};
			buildConfigurationList = 0A6F840E1AFA5EF500CF8D92 /* Build configuration list for PBXProject "ReunioesApp" */;
			compatibilityVersion = "Xcode 3.2";
			developmentRegion = English;
			hasScannedForEncodings = 0;
			knownRegions = (
				en,
				Base,
			);
			mainGroup = 0A6F840A1AFA5EF500CF8D92;
			productRefGroup = 0A6F84141AFA5EF500CF8D92 /* Products */;
			projectDirPath = "";
			projectRoot = "";
			targets = (
				0A6F84121AFA5EF500CF8D92 /* ReunioesApp */,
			);
		};
/* End PBXProject section */

/* Begin PBXResourcesBuildPhase section */
		0A6F84111AFA5EF500CF8D92 /* Resources */ = {
			isa = PBXResourcesBuildPhase;
			buildActionMask = 2147483647;
			files = (
				0A6F841E1AFA5EF500CF8D92 /* Main.storyboard in Resources */,
				0A6F84231AFA5EF500CF8D92 /* LaunchScreen.xib in Resources */,
				0A6F84201AFA5EF500CF8D92 /* Images.xcassets in Resources */,
			);
			runOnlyForDeploymentPostprocessing = 0;
		};
/* End PBXResourcesBuildPhase section */

/* Begin PBXSourcesBuildPhase section */
		0A6F840F1AFA5EF500CF8D92 /* Sources */ = {
			isa = PBXSourcesBuildPhase;
			buildActionMask = 2147483647;
			files = (
				0A6F84411AFCE62A00CF8D92 /* SignUpViewController.swift in Sources */,
				0A6F843B1AFCDD8B00CF8D92 /* Meeting.swift in Sources */,
				0A0335991AFE9C3C00E032D6 /* NewMeetingViewController.swift in Sources */,
				A4E38D7F1B00CCC1004760FA /* iBeaconTransmitterViewController.swift in Sources */,
				0A6F84191AFA5EF500CF8D92 /* AppDelegate.swift in Sources */,
				0A6F84431AFD026500CF8D92 /* MainMenuViewController.swift in Sources */,
				0A9076081B011AE1002147E3 /* SetAddressViewController.swift in Sources */,
				0A6F843D1AFCE12F00CF8D92 /* LoginViewController.swift in Sources */,
				0A90760E1B023E26002147E3 /* MeetingsTableViewController.swift in Sources */,
				0A9076101B0254C1002147E3 /* MeetingDetailViewController.swift in Sources */,
				0A6F84391AFBA73D00CF8D92 /* User.swift in Sources */,
				0A03359B1AFF049300E032D6 /* SelectParticipantsTableViewController.swift in Sources */,
			);
			runOnlyForDeploymentPostprocessing = 0;
		};
/* End PBXSourcesBuildPhase section */

/* Begin PBXVariantGroup section */
		0A6F841C1AFA5EF500CF8D92 /* Main.storyboard */ = {
			isa = PBXVariantGroup;
			children = (
				0A6F841D1AFA5EF500CF8D92 /* Base */,
			);
			name = Main.storyboard;
			sourceTree = "<group>";
		};
		0A6F84211AFA5EF500CF8D92 /* LaunchScreen.xib */ = {
			isa = PBXVariantGroup;
			children = (
				0A6F84221AFA5EF500CF8D92 /* Base */,
			);
			name = LaunchScreen.xib;
			sourceTree = "<group>";
		};
/* End PBXVariantGroup section */

/* Begin XCBuildConfiguration section */
		0A6F84301AFA5EF600CF8D92 /* Debug */ = {
			isa = XCBuildConfiguration;
			buildSettings = {
				ALWAYS_SEARCH_USER_PATHS = NO;
				CLANG_CXX_LANGUAGE_STANDARD = "gnu++0x";
				CLANG_CXX_LIBRARY = "libc++";
				CLANG_ENABLE_MODULES = YES;
				CLANG_ENABLE_OBJC_ARC = YES;
				CLANG_WARN_BOOL_CONVERSION = YES;
				CLANG_WARN_CONSTANT_CONVERSION = YES;
				CLANG_WARN_DIRECT_OBJC_ISA_USAGE = YES_ERROR;
				CLANG_WARN_EMPTY_BODY = YES;
				CLANG_WARN_ENUM_CONVERSION = YES;
				CLANG_WARN_INT_CONVERSION = YES;
				CLANG_WARN_OBJC_ROOT_CLASS = YES_ERROR;
				CLANG_WARN_UNREACHABLE_CODE = YES;
				CLANG_WARN__DUPLICATE_METHOD_MATCH = YES;
				"CODE_SIGN_IDENTITY[sdk=iphoneos*]" = "iPhone Developer";
				COPY_PHASE_STRIP = NO;
				DEBUG_INFORMATION_FORMAT = "dwarf-with-dsym";
				ENABLE_STRICT_OBJC_MSGSEND = YES;
				GCC_C_LANGUAGE_STANDARD = gnu99;
				GCC_DYNAMIC_NO_PIC = NO;
				GCC_NO_COMMON_BLOCKS = YES;
				GCC_OPTIMIZATION_LEVEL = 0;
				GCC_PREPROCESSOR_DEFINITIONS = (
					"DEBUG=1",
					"$(inherited)",
				);
				GCC_SYMBOLS_PRIVATE_EXTERN = NO;
				GCC_WARN_64_TO_32_BIT_CONVERSION = YES;
				GCC_WARN_ABOUT_RETURN_TYPE = YES_ERROR;
				GCC_WARN_UNDECLARED_SELECTOR = YES;
				GCC_WARN_UNINITIALIZED_AUTOS = YES_AGGRESSIVE;
				GCC_WARN_UNUSED_FUNCTION = YES;
				GCC_WARN_UNUSED_VARIABLE = YES;
				IPHONEOS_DEPLOYMENT_TARGET = 8.3;
				MTL_ENABLE_DEBUG_INFO = YES;
				ONLY_ACTIVE_ARCH = YES;
				SDKROOT = iphoneos;
				SWIFT_OPTIMIZATION_LEVEL = "-Onone";
			};
			name = Debug;
		};
		0A6F84311AFA5EF600CF8D92 /* Release */ = {
			isa = XCBuildConfiguration;
			buildSettings = {
				ALWAYS_SEARCH_USER_PATHS = NO;
				CLANG_CXX_LANGUAGE_STANDARD = "gnu++0x";
				CLANG_CXX_LIBRARY = "libc++";
				CLANG_ENABLE_MODULES = YES;
				CLANG_ENABLE_OBJC_ARC = YES;
				CLANG_WARN_BOOL_CONVERSION = YES;
				CLANG_WARN_CONSTANT_CONVERSION = YES;
				CLANG_WARN_DIRECT_OBJC_ISA_USAGE = YES_ERROR;
				CLANG_WARN_EMPTY_BODY = YES;
				CLANG_WARN_ENUM_CONVERSION = YES;
				CLANG_WARN_INT_CONVERSION = YES;
				CLANG_WARN_OBJC_ROOT_CLASS = YES_ERROR;
				CLANG_WARN_UNREACHABLE_CODE = YES;
				CLANG_WARN__DUPLICATE_METHOD_MATCH = YES;
				"CODE_SIGN_IDENTITY[sdk=iphoneos*]" = "iPhone Developer";
				COPY_PHASE_STRIP = NO;
				DEBUG_INFORMATION_FORMAT = "dwarf-with-dsym";
				ENABLE_NS_ASSERTIONS = NO;
				ENABLE_STRICT_OBJC_MSGSEND = YES;
				GCC_C_LANGUAGE_STANDARD = gnu99;
				GCC_NO_COMMON_BLOCKS = YES;
				GCC_WARN_64_TO_32_BIT_CONVERSION = YES;
				GCC_WARN_ABOUT_RETURN_TYPE = YES_ERROR;
				GCC_WARN_UNDECLARED_SELECTOR = YES;
				GCC_WARN_UNINITIALIZED_AUTOS = YES_AGGRESSIVE;
				GCC_WARN_UNUSED_FUNCTION = YES;
				GCC_WARN_UNUSED_VARIABLE = YES;
				IPHONEOS_DEPLOYMENT_TARGET = 8.3;
				MTL_ENABLE_DEBUG_INFO = NO;
				SDKROOT = iphoneos;
				VALIDATE_PRODUCT = YES;
			};
			name = Release;
		};
		0A6F84331AFA5EF600CF8D92 /* Debug */ = {
			isa = XCBuildConfiguration;
			buildSettings = {
				ASSETCATALOG_COMPILER_APPICON_NAME = AppIcon;
				CODE_SIGN_IDENTITY = "iPhone Developer";
				"CODE_SIGN_IDENTITY[sdk=iphoneos*]" = "iPhone Developer";
				FRAMEWORK_SEARCH_PATHS = (
					"$(inherited)",
					"$(PROJECT_DIR)/ReunioesApp",
				);
				INFOPLIST_FILE = ReunioesApp/Info.plist;
				LD_RUNPATH_SEARCH_PATHS = "$(inherited) @executable_path/Frameworks";
				PRODUCT_NAME = "$(TARGET_NAME)";
				PROVISIONING_PROFILE = "";
			};
			name = Debug;
		};
		0A6F84341AFA5EF600CF8D92 /* Release */ = {
			isa = XCBuildConfiguration;
			buildSettings = {
				ASSETCATALOG_COMPILER_APPICON_NAME = AppIcon;
				CODE_SIGN_IDENTITY = "iPhone Developer";
				"CODE_SIGN_IDENTITY[sdk=iphoneos*]" = "iPhone Developer";
				FRAMEWORK_SEARCH_PATHS = (
					"$(inherited)",
					"$(PROJECT_DIR)/ReunioesApp",
				);
				INFOPLIST_FILE = ReunioesApp/Info.plist;
				LD_RUNPATH_SEARCH_PATHS = "$(inherited) @executable_path/Frameworks";
				PRODUCT_NAME = "$(TARGET_NAME)";
				PROVISIONING_PROFILE = "";
			};
			name = Release;
		};
/* End XCBuildConfiguration section */

/* Begin XCConfigurationList section */
		0A6F840E1AFA5EF500CF8D92 /* Build configuration list for PBXProject "ReunioesApp" */ = {
			isa = XCConfigurationList;
			buildConfigurations = (
				0A6F84301AFA5EF600CF8D92 /* Debug */,
				0A6F84311AFA5EF600CF8D92 /* Release */,
			);
			defaultConfigurationIsVisible = 0;
			defaultConfigurationName = Release;
		};
		0A6F84321AFA5EF600CF8D92 /* Build configuration list for PBXNativeTarget "ReunioesApp" */ = {
			isa = XCConfigurationList;
			buildConfigurations = (
				0A6F84331AFA5EF600CF8D92 /* Debug */,
				0A6F84341AFA5EF600CF8D92 /* Release */,
			);
			defaultConfigurationIsVisible = 0;
			defaultConfigurationName = Release;
		};
/* End XCConfigurationList section */
	};
	rootObject = 0A6F840B1AFA5EF500CF8D92 /* Project object */;
}
